
Microsoft Visual Studio Solution File, Format Version 12.00
# Visual Studio 15
VisualStudioVersion = 15.0.28307.645
MinimumVisualStudioVersion = 10.0.40219.1
Project("{FAE04EC0-301F-11D3-BF4B-00C04F79EFBC}") = "SisV", "SisV\SisV.csproj", "{6D4C87B8-8963-4B64-BEE3-B5AD9E6A81A0}"
EndProject
Project("{FAE04EC0-301F-11D3-BF4B-00C04F79EFBC}") = "SisVDash", "SisVDash\SisVDash.csproj", "{C92FA40E-2C7E-4E5B-A72D-7A90F16E23DE}"
EndProject
Global
	GlobalSection(SolutionConfigurationPlatforms) = preSolution
		Debug|Any CPU = Debug|Any CPU
		Release|Any CPU = Release|Any CPU
	EndGlobalSection
	GlobalSection(ProjectConfigurationPlatforms) = postSolution
		{6D4C87B8-8963-4B64-BEE3-B5AD9E6A81A0}.Debug|Any CPU.ActiveCfg = Debug|Any CPU
		{6D4C87B8-8963-4B64-BEE3-B5AD9E6A81A0}.Debug|Any CPU.Build.0 = Debug|Any CPU
		{6D4C87B8-8963-4B64-BEE3-B5AD9E6A81A0}.Release|Any CPU.ActiveCfg = Release|Any CPU
		{6D4C87B8-8963-4B64-BEE3-B5AD9E6A81A0}.Release|Any CPU.Build.0 = Release|Any CPU
		{C92FA40E-2C7E-4E5B-A72D-7A90F16E23DE}.Debug|Any CPU.ActiveCfg = Debug|Any CPU
		{C92FA40E-2C7E-4E5B-A72D-7A90F16E23DE}.Debug|Any CPU.Build.0 = Debug|Any CPU
		{C92FA40E-2C7E-4E5B-A72D-7A90F16E23DE}.Release|Any CPU.ActiveCfg = Release|Any CPU
		{C92FA40E-2C7E-4E5B-A72D-7A90F16E23DE}.Release|Any CPU.Build.0 = Release|Any CPU
	EndGlobalSection
	GlobalSection(SolutionProperties) = preSolution
		HideSolutionNode = FALSE
	EndGlobalSection
	GlobalSection(ExtensibilityGlobals) = postSolution
		SolutionGuid = {99154D68-3798-4276-9FE6-4A4D072568B0}
	EndGlobalSection
EndGlobal
